<?xml version="1.0" encoding="utf-8"?>
<Project ToolsVersion="4.0" xmlns="http://schemas.microsoft.com/developer/msbuild/2003">
  <ItemGroup>
    <Filter Include="Source Files">
      <UniqueIdentifier>{4FC737F1-C7A5-4376-A066-2A32D752A2FF}</UniqueIdentifier>
      <Extensions>cpp;c;cc;cxx;def;odl;idl;hpj;bat;asm;asmx</Extensions>
    </Filter>
    <Filter Include="Header Files">
      <UniqueIdentifier>{93995380-89BD-4b04-88EB-625FBE52EBFB}</UniqueIdentifier>
      <Extensions>h;hh;hpp;hxx;hm;inl;inc;ipp;xsd</Extensions>
    </Filter>
    <Filter Include="Resource Files">
      <UniqueIdentifier>{67DA6AB6-F800-4c08-8B7A-83BB121AAD01}</UniqueIdentifier>
      <Extensions>rc;ico;cur;bmp;dlg;rc2;rct;bin;rgs;gif;jpg;jpeg;jpe;resx;tiff;tif;png;wav;mfcribbon-ms</Extensions>
    </Filter>
    <Filter Include="Header Files\Engine">
      <UniqueIdentifier>{b681104c-73b7-4f44-9691-71d5a7fa4b24}</UniqueIdentifier>
    </Filter>
    <Filter Include="Header Files\Engine\Shapes">
      <UniqueIdentifier>{f3481222-f12f-4646-a41c-19440899511b}</UniqueIdentifier>
    </Filter>
    <Filter Include="Source Files\Engine">
      <UniqueIdentifier>{16fd9d62-804b-47bd-95d4-9f3ccf057c0e}</UniqueIdentifier>
    </Filter>
    <Filter Include="Source Files\Engine\Shapes">
      <UniqueIdentifier>{9e54e16b-3b58-4b82-a1b2-6be1175508e8}</UniqueIdentifier>
    </Filter>
    <Filter Include="Header Files\Game">
      <UniqueIdentifier>{a4f42ca2-b44b-432a-8eaf-02874377edc9}</UniqueIdentifier>
    </Filter>
    <Filter Include="Header Files\Game\State">
      <UniqueIdentifier>{51d4fc39-3d96-4211-92c1-e64c066a3600}</UniqueIdentifier>
    </Filter>
    <Filter Include="Source Files\Game">
      <UniqueIdentifier>{25e96110-a619-4ded-a271-e90e83b12dea}</UniqueIdentifier>
    </Filter>
    <Filter Include="Source Files\Game\Scenes">
      <UniqueIdentifier>{78629547-72e5-442a-ba04-e0b6ad888726}</UniqueIdentifier>
    </Filter>
    <Filter Include="Header Files\Game\Scenes">
      <UniqueIdentifier>{8ce7840b-2c78-49f4-b517-19678bd8b970}</UniqueIdentifier>
    </Filter>
    <Filter Include="Source Files\Game\Props">
      <UniqueIdentifier>{735dd960-5df9-422d-ac8e-39c2b009d17a}</UniqueIdentifier>
    </Filter>
    <Filter Include="Header Files\Game\Props">
      <UniqueIdentifier>{716ae35a-cf1c-4d51-9b6e-4be93c2dacba}</UniqueIdentifier>
    </Filter>
    <Filter Include="Header Files\Engine\Helpers">
      <UniqueIdentifier>{d3a3fed5-759d-423d-a6c1-29ee99e17cb5}</UniqueIdentifier>
    </Filter>
    <Filter Include="Header Files\Engine\Shader">
      <UniqueIdentifier>{557a6b38-1da5-4597-8dba-58a99f9a3ec2}</UniqueIdentifier>
    </Filter>
    <Filter Include="Source Files\Engine\Shader">
      <UniqueIdentifier>{3b8cd2a4-b41e-4ad9-853d-663973cd1ba2}</UniqueIdentifier>
    </Filter>
    <Filter Include="Resource Files\shaders">
      <UniqueIdentifier>{3e392686-f080-40fe-94f2-662592d8dcb7}</UniqueIdentifier>
    </Filter>
  </ItemGroup>
  <ItemGroup>
    <ClCompile Include="Game.cpp">
      <Filter>Source Files</Filter>
    </ClCompile>
    <ClCompile Include="Billboard.cpp">
      <Filter>Source Files\Engine\Shapes</Filter>
    </ClCompile>
    <ClCompile Include="Image.cpp">
      <Filter>Source Files\Engine</Filter>
    </ClCompile>
    <ClCompile Include="Model.cpp">
      <Filter>Source Files\Engine</Filter>
    </ClCompile>
    <ClCompile Include="PuzzleOne.cpp">
      <Filter>Source Files\Game\Scenes</Filter>
    </ClCompile>
    <ClCompile Include="StaticProp.cpp">
      <Filter>Source Files\Game\Props</Filter>
    </ClCompile>
    <ClCompile Include="Wizard.cpp">
      <Filter>Source Files\Game\Props</Filter>
    </ClCompile>
    <ClCompile Include="AnimationController.cpp">
      <Filter>Source Files\Engine</Filter>
    </ClCompile>
    <ClCompile Include="KinematicProp.cpp">
      <Filter>Source Files\Game\Props</Filter>
    </ClCompile>
    <ClCompile Include="Floor.cpp">
      <Filter>Source Files\Engine\Shapes</Filter>
    </ClCompile>
    <ClCompile Include="FrameBuffer.cpp">
      <Filter>Source Files\Engine</Filter>
    </ClCompile>
    <ClCompile Include="Shadow.cpp">
      <Filter>Source Files\Engine</Filter>
    </ClCompile>
    <ClCompile Include="Shader.cpp">
      <Filter>Source Files\Engine\Shader</Filter>
    </ClCompile>
    <ClCompile Include="FileLoader.cpp">
      <Filter>Source Files\Engine</Filter>
    </ClCompile>
  </ItemGroup>
  <ItemGroup>
    <ClInclude Include="State.h">
      <Filter>Header Files\Game\State</Filter>
    </ClInclude>
    <ClInclude Include="StateImpl.h">
      <Filter>Header Files\Game\State</Filter>
    </ClInclude>
    <ClInclude Include="Billboard.h">
      <Filter>Header Files\Engine\Shapes</Filter>
    </ClInclude>
    <ClInclude Include="Image.h">
      <Filter>Header Files\Engine</Filter>
    </ClInclude>
    <ClInclude Include="Model.h">
      <Filter>Header Files\Engine</Filter>
    </ClInclude>
    <ClInclude Include="gl.h">
      <Filter>Header Files\Engine</Filter>
    </ClInclude>
    <ClInclude Include="Prop.h">
      <Filter>Header Files\Engine</Filter>
    </ClInclude>
    <ClInclude Include="Scene.h">
      <Filter>Header Files\Engine</Filter>
    </ClInclude>
    <ClInclude Include="PuzzleOne.h">
      <Filter>Header Files\Game\Scenes</Filter>
    </ClInclude>
    <ClInclude Include="StaticProp.h">
      <Filter>Header Files\Game\Props</Filter>
    </ClInclude>
    <ClInclude Include="Wizard.h">
      <Filter>Header Files\Game\Props</Filter>
    </ClInclude>
    <ClInclude Include="AnimationController.h">
      <Filter>Header Files\Engine</Filter>
    </ClInclude>
    <ClInclude Include="KinematicProp.h">
      <Filter>Header Files\Game\Props</Filter>
    </ClInclude>
    <ClInclude Include="Floor.h">
      <Filter>Header Files\Engine\Shapes</Filter>
    </ClInclude>
    <ClInclude Include="Math.h">
      <Filter>Header Files\Engine\Helpers</Filter>
    </ClInclude>
    <ClInclude Include="FrameBuffer.h">
      <Filter>Header Files\Engine</Filter>
    </ClInclude>
    <ClInclude Include="Shadow.h">
      <Filter>Header Files\Engine</Filter>
    </ClInclude>
    <ClInclude Include="Shader.h">
      <Filter>Header Files\Engine\Shader</Filter>
    </ClInclude>
    <ClInclude Include="FileLoader.h">
      <Filter>Header Files\Engine</Filter>
    </ClInclude>
  </ItemGroup>
  <ItemGroup>
    <None Include="DefaultShader.vert">
      <Filter>Resource Files\shaders</Filter>
    </None>
    <None Include="DefaultShader.frag">
      <Filter>Resource Files\shaders</Filter>
    </None>
    <None Include="ShadowShader.vert">
      <Filter>Resource Files\shaders</Filter>
    </None>
    <None Include="ShadowShader.frag">
      <Filter>Resource Files\shaders</Filter>
    </None>
  </ItemGroup>
</Project>